// !$*UTF8*$!
{
	archiveVersion = 1;
	classes = {
	};
	objectVersion = 50;
	objects = {

/* Begin PBXBuildFile section */
		874C95BD23DEAFEA0043CA08 /* AppDelegate.swift in Sources */ = {isa = PBXBuildFile; fileRef = 874C95BC23DEAFEA0043CA08 /* AppDelegate.swift */; };
		874C95BF23DEAFEA0043CA08 /* SceneDelegate.swift in Sources */ = {isa = PBXBuildFile; fileRef = 874C95BE23DEAFEA0043CA08 /* SceneDelegate.swift */; };
		874C95C123DEAFEA0043CA08 /* ViewController.swift in Sources */ = {isa = PBXBuildFile; fileRef = 874C95C023DEAFEA0043CA08 /* ViewController.swift */; };
		874C95C423DEAFEA0043CA08 /* Main.storyboard in Resources */ = {isa = PBXBuildFile; fileRef = 874C95C223DEAFEA0043CA08 /* Main.storyboard */; };
		874C95C623DEAFEE0043CA08 /* Assets.xcassets in Resources */ = {isa = PBXBuildFile; fileRef = 874C95C523DEAFEE0043CA08 /* Assets.xcassets */; };
		874C95C923DEAFEE0043CA08 /* LaunchScreen.storyboard in Resources */ = {isa = PBXBuildFile; fileRef = 874C95C723DEAFEE0043CA08 /* LaunchScreen.storyboard */; };
		874C95D423DEAFEE0043CA08 /* DesignPatternsTests.swift in Sources */ = {isa = PBXBuildFile; fileRef = 874C95D323DEAFEE0043CA08 /* DesignPatternsTests.swift */; };
		874C95DF23DEAFEE0043CA08 /* DesignPatternsUITests.swift in Sources */ = {isa = PBXBuildFile; fileRef = 874C95DE23DEAFEE0043CA08 /* DesignPatternsUITests.swift */; };
		874C95EF23DEB0FB0043CA08 /* Abstract Proudcts.swift in Sources */ = {isa = PBXBuildFile; fileRef = 874C95EE23DEB0FB0043CA08 /* Abstract Proudcts.swift */; };
		874C95F123DEB12C0043CA08 /* Description in Resources */ = {isa = PBXBuildFile; fileRef = 874C95F023DEB12C0043CA08 /* Description */; };
		874C95F323DEB1C00043CA08 /* Concret Products.swift in Sources */ = {isa = PBXBuildFile; fileRef = 874C95F223DEB1BF0043CA08 /* Concret Products.swift */; };
		874C95F523DEB2460043CA08 /* Abstract Factory.swift in Sources */ = {isa = PBXBuildFile; fileRef = 874C95F423DEB2460043CA08 /* Abstract Factory.swift */; };
		874C95F723DEB2890043CA08 /* Concrete Factory.swift in Sources */ = {isa = PBXBuildFile; fileRef = 874C95F623DEB2890043CA08 /* Concrete Factory.swift */; };
		874C95F923DEB2F10043CA08 /* GUIBuilder.swift in Sources */ = {isa = PBXBuildFile; fileRef = 874C95F823DEB2F10043CA08 /* GUIBuilder.swift */; };
		874C95FB23DEB3520043CA08 /* Client.swift in Sources */ = {isa = PBXBuildFile; fileRef = 874C95FA23DEB3520043CA08 /* Client.swift */; };
		8751007B23E82BA80096498B /* Amplifier.swift in Sources */ = {isa = PBXBuildFile; fileRef = 8751007A23E82BA80096498B /* Amplifier.swift */; };
		8751007D23E82BC20096498B /* CdPlayer.swift in Sources */ = {isa = PBXBuildFile; fileRef = 8751007C23E82BC20096498B /* CdPlayer.swift */; };
		8751007F23E82BDC0096498B /* DvdPlayer.swift in Sources */ = {isa = PBXBuildFile; fileRef = 8751007E23E82BDC0096498B /* DvdPlayer.swift */; };
		8751008123E82C0C0096498B /* HomeTheaterFacade.swift in Sources */ = {isa = PBXBuildFile; fileRef = 8751008023E82C0C0096498B /* HomeTheaterFacade.swift */; };
		8751008323E82C2C0096498B /* PopcornPopper.swift in Sources */ = {isa = PBXBuildFile; fileRef = 8751008223E82C2C0096498B /* PopcornPopper.swift */; };
		8751008523E82C430096498B /* Projector.swift in Sources */ = {isa = PBXBuildFile; fileRef = 8751008423E82C430096498B /* Projector.swift */; };
		8751008723E82C5F0096498B /* Screen.swift in Sources */ = {isa = PBXBuildFile; fileRef = 8751008623E82C5F0096498B /* Screen.swift */; };
		8751008923E82C750096498B /* TheaterLights.swift in Sources */ = {isa = PBXBuildFile; fileRef = 8751008823E82C750096498B /* TheaterLights.swift */; };
		8751008B23E82C8B0096498B /* Tuner.swift in Sources */ = {isa = PBXBuildFile; fileRef = 8751008A23E82C8B0096498B /* Tuner.swift */; };
		8751008E23E82E3F0096498B /* EntryPointFacade.swift in Sources */ = {isa = PBXBuildFile; fileRef = 8751008D23E82E3F0096498B /* EntryPointFacade.swift */; };
		8751009023E82F9A0096498B /* DiscribeFacade in Resources */ = {isa = PBXBuildFile; fileRef = 8751008F23E82F9A0096498B /* DiscribeFacade */; };
		875755A223E987E200A7A30A /* CalculatorProblem.swift in Sources */ = {isa = PBXBuildFile; fileRef = 875755A123E987E200A7A30A /* CalculatorProblem.swift */; };
		875755A623E987E200A7A30A /* CalculatorSolution.swift in Sources */ = {isa = PBXBuildFile; fileRef = 875755A523E987E200A7A30A /* CalculatorSolution.swift */; };
		875755A823E987E200A7A30A /* Connection.swift in Sources */ = {isa = PBXBuildFile; fileRef = 875755A723E987E200A7A30A /* Connection.swift */; };
		875755AB23E987E200A7A30A /* Description_SRP in Resources */ = {isa = PBXBuildFile; fileRef = 875755AA23E987E200A7A30A /* Description_SRP */; };
		875755B023E987E200A7A30A /* OCP_Problem.swift in Sources */ = {isa = PBXBuildFile; fileRef = 875755AF23E987E200A7A30A /* OCP_Problem.swift */; };
		875755B223E987E200A7A30A /* OCP_Solution.swift in Sources */ = {isa = PBXBuildFile; fileRef = 875755B123E987E200A7A30A /* OCP_Solution.swift */; };
		875755B423E9888C00A7A30A /* DescriptionOCP in Resources */ = {isa = PBXBuildFile; fileRef = 875755B323E9888C00A7A30A /* DescriptionOCP */; };
		875755B923E989B500A7A30A /* description_LSP in Resources */ = {isa = PBXBuildFile; fileRef = 875755B823E989B500A7A30A /* description_LSP */; };
		875755BB23E989F200A7A30A /* LSP_Problem.swift in Sources */ = {isa = PBXBuildFile; fileRef = 875755BA23E989F200A7A30A /* LSP_Problem.swift */; };
		875755BD23E98B0B00A7A30A /* LSP_Solution.swift in Sources */ = {isa = PBXBuildFile; fileRef = 875755BC23E98B0B00A7A30A /* LSP_Solution.swift */; };
		875755C223E996D300A7A30A /* description_ISP in Resources */ = {isa = PBXBuildFile; fileRef = 875755C123E996D300A7A30A /* description_ISP */; };
		875755C423E9972400A7A30A /* ISP_Problem.swift in Sources */ = {isa = PBXBuildFile; fileRef = 875755C323E9972400A7A30A /* ISP_Problem.swift */; };
		875755C623E9981B00A7A30A /* ISP_Solution.swift in Sources */ = {isa = PBXBuildFile; fileRef = 875755C523E9981B00A7A30A /* ISP_Solution.swift */; };
		875755CB23E9998C00A7A30A /* Description_DIVP in Resources */ = {isa = PBXBuildFile; fileRef = 875755CA23E9998C00A7A30A /* Description_DIVP */; };
		875755CD23E999D600A7A30A /* DIVP_Problem .swift in Sources */ = {isa = PBXBuildFile; fileRef = 875755CC23E999D600A7A30A /* DIVP_Problem .swift */; };
		875755CF23E99B8B00A7A30A /* DIVP_Solution.swift in Sources */ = {isa = PBXBuildFile; fileRef = 875755CE23E99B8B00A7A30A /* DIVP_Solution.swift */; };
		87DBF67023E81F68003C899C /* Singletone.swift in Sources */ = {isa = PBXBuildFile; fileRef = 87DBF66F23E81F68003C899C /* Singletone.swift */; };
		87DBF67223E81FEE003C899C /* DeiscripSingletone in Resources */ = {isa = PBXBuildFile; fileRef = 87DBF67123E81FEE003C899C /* DeiscripSingletone */; };
		87DBF67423E82082003C899C /* SingletoneClient.swift in Sources */ = {isa = PBXBuildFile; fileRef = 87DBF67323E82082003C899C /* SingletoneClient.swift */; };
		87F5FB5223E30DB2001903F6 /* DescriptionStrategy in Resources */ = {isa = PBXBuildFile; fileRef = 87F5FB5123E30DB2001903F6 /* DescriptionStrategy */; };
		87F5FB5423E30E01001903F6 /* IStrategy.swift in Sources */ = {isa = PBXBuildFile; fileRef = 87F5FB5323E30E01001903F6 /* IStrategy.swift */; };
		87F5FB5623E30E7C001903F6 /* Strategy_Impl.swift in Sources */ = {isa = PBXBuildFile; fileRef = 87F5FB5523E30E7C001903F6 /* Strategy_Impl.swift */; };
		87F5FB5823E30F8A001903F6 /* Shopping Card.swift in Sources */ = {isa = PBXBuildFile; fileRef = 87F5FB5723E30F8A001903F6 /* Shopping Card.swift */; };
		87F5FB5A23E3130A001903F6 /* ClientStrategy.swift in Sources */ = {isa = PBXBuildFile; fileRef = 87F5FB5923E3130A001903F6 /* ClientStrategy.swift */; };
		87F5FB5D23E31901001903F6 /* DescriptionProxy in Resources */ = {isa = PBXBuildFile; fileRef = 87F5FB5C23E31901001903F6 /* DescriptionProxy */; };
		87F5FB5F23E31A27001903F6 /* IProxy.swift in Sources */ = {isa = PBXBuildFile; fileRef = 87F5FB5E23E31A27001903F6 /* IProxy.swift */; };
		87F5FB6123E31AA4001903F6 /* Success.swift in Sources */ = {isa = PBXBuildFile; fileRef = 87F5FB6023E31AA4001903F6 /* Success.swift */; };
		87F5FB6323E31B2E001903F6 /* Proxy_Impl.swift in Sources */ = {isa = PBXBuildFile; fileRef = 87F5FB6223E31B2E001903F6 /* Proxy_Impl.swift */; };
		87F5FB6523E31D6A001903F6 /* ClientProxy.swift in Sources */ = {isa = PBXBuildFile; fileRef = 87F5FB6423E31D6A001903F6 /* ClientProxy.swift */; };
		87F5FB6823E45C68001903F6 /* AdapterDescription in Resources */ = {isa = PBXBuildFile; fileRef = 87F5FB6723E45C68001903F6 /* AdapterDescription */; };
		87F5FB6B23E46078001903F6 /* RussianTarget.swift in Sources */ = {isa = PBXBuildFile; fileRef = 87F5FB6A23E46078001903F6 /* RussianTarget.swift */; };
		87F5FB6D23E461B6001903F6 /* EnglishAdaptee.swift in Sources */ = {isa = PBXBuildFile; fileRef = 87F5FB6C23E461B6001903F6 /* EnglishAdaptee.swift */; };
		87F5FB6F23E46550001903F6 /* TranslatorAdapter.swift in Sources */ = {isa = PBXBuildFile; fileRef = 87F5FB6E23E46550001903F6 /* TranslatorAdapter.swift */; };
		87F5FB7123E46D5F001903F6 /* AdapterClient.swift in Sources */ = {isa = PBXBuildFile; fileRef = 87F5FB7023E46D5F001903F6 /* AdapterClient.swift */; };
		87F5FB7623E4808B001903F6 /* CommandDescription in Resources */ = {isa = PBXBuildFile; fileRef = 87F5FB7523E4808B001903F6 /* CommandDescription */; };
		87F5FB7823E481C5001903F6 /* Command.swift in Sources */ = {isa = PBXBuildFile; fileRef = 87F5FB7723E481C5001903F6 /* Command.swift */; };
		87F5FB7A23E4820E001903F6 /* PlayReciever.swift in Sources */ = {isa = PBXBuildFile; fileRef = 87F5FB7923E4820E001903F6 /* PlayReciever.swift */; };
		87F5FB7C23E482C8001903F6 /* LongPass.swift in Sources */ = {isa = PBXBuildFile; fileRef = 87F5FB7B23E482C8001903F6 /* LongPass.swift */; };
		87F5FB7E23E483FD001903F6 /* Tackling.swift in Sources */ = {isa = PBXBuildFile; fileRef = 87F5FB7D23E483FD001903F6 /* Tackling.swift */; };
		87F5FB8023E48498001903F6 /* JoystickInvoker.swift in Sources */ = {isa = PBXBuildFile; fileRef = 87F5FB7F23E48498001903F6 /* JoystickInvoker.swift */; };
		87F5FB8223E48596001903F6 /* CommandClient.swift in Sources */ = {isa = PBXBuildFile; fileRef = 87F5FB8123E48596001903F6 /* CommandClient.swift */; };
		87F5FB8723E58786001903F6 /* DiscriptionCoR in Resources */ = {isa = PBXBuildFile; fileRef = 87F5FB8623E58786001903F6 /* DiscriptionCoR */; };
		87F5FB8923E58926001903F6 /* MathHandler.swift in Sources */ = {isa = PBXBuildFile; fileRef = 87F5FB8823E58926001903F6 /* MathHandler.swift */; };
		87F5FB8B23E58971001903F6 /* Request.swift in Sources */ = {isa = PBXBuildFile; fileRef = 87F5FB8A23E58971001903F6 /* Request.swift */; };
		87F5FB8D23E58992001903F6 /* AddHandler.swift in Sources */ = {isa = PBXBuildFile; fileRef = 87F5FB8C23E58992001903F6 /* AddHandler.swift */; };
		87F5FB8F23E58E5A001903F6 /* SubHandler.swift in Sources */ = {isa = PBXBuildFile; fileRef = 87F5FB8E23E58E5A001903F6 /* SubHandler.swift */; };
		87F5FB9123E58EA3001903F6 /* DivHandler.swift in Sources */ = {isa = PBXBuildFile; fileRef = 87F5FB9023E58EA3001903F6 /* DivHandler.swift */; };
		87F5FB9323E58EED001903F6 /* MulHandler.swift in Sources */ = {isa = PBXBuildFile; fileRef = 87F5FB9223E58EED001903F6 /* MulHandler.swift */; };
		87F5FB9523E58FA1001903F6 /* Receiver.swift in Sources */ = {isa = PBXBuildFile; fileRef = 87F5FB9423E58FA1001903F6 /* Receiver.swift */; };
		87F5FB9723E59147001903F6 /* ClientCoR.swift in Sources */ = {isa = PBXBuildFile; fileRef = 87F5FB9623E59147001903F6 /* ClientCoR.swift */; };
/* End PBXBuildFile section */

/* Begin PBXContainerItemProxy section */
		874C95D023DEAFEE0043CA08 /* PBXContainerItemProxy */ = {
			isa = PBXContainerItemProxy;
			containerPortal = 874C95B123DEAFEA0043CA08 /* Project object */;
			proxyType = 1;
			remoteGlobalIDString = 874C95B823DEAFEA0043CA08;
			remoteInfo = DesignPatterns;
		};
		874C95DB23DEAFEE0043CA08 /* PBXContainerItemProxy */ = {
			isa = PBXContainerItemProxy;
			containerPortal = 874C95B123DEAFEA0043CA08 /* Project object */;
			proxyType = 1;
			remoteGlobalIDString = 874C95B823DEAFEA0043CA08;
			remoteInfo = DesignPatterns;
		};
/* End PBXContainerItemProxy section */

/* Begin PBXFileReference section */
		874C95B923DEAFEA0043CA08 /* DesignPatterns.app */ = {isa = PBXFileReference; explicitFileType = wrapper.application; includeInIndex = 0; path = DesignPatterns.app; sourceTree = BUILT_PRODUCTS_DIR; };
		874C95BC23DEAFEA0043CA08 /* AppDelegate.swift */ = {isa = PBXFileReference; lastKnownFileType = sourcecode.swift; path = AppDelegate.swift; sourceTree = "<group>"; };
		874C95BE23DEAFEA0043CA08 /* SceneDelegate.swift */ = {isa = PBXFileReference; lastKnownFileType = sourcecode.swift; path = SceneDelegate.swift; sourceTree = "<group>"; };
		874C95C023DEAFEA0043CA08 /* ViewController.swift */ = {isa = PBXFileReference; lastKnownFileType = sourcecode.swift; path = ViewController.swift; sourceTree = "<group>"; };
		874C95C323DEAFEA0043CA08 /* Base */ = {isa = PBXFileReference; lastKnownFileType = file.storyboard; name = Base; path = Base.lproj/Main.storyboard; sourceTree = "<group>"; };
		874C95C523DEAFEE0043CA08 /* Assets.xcassets */ = {isa = PBXFileReference; lastKnownFileType = folder.assetcatalog; path = Assets.xcassets; sourceTree = "<group>"; };
		874C95C823DEAFEE0043CA08 /* Base */ = {isa = PBXFileReference; lastKnownFileType = file.storyboard; name = Base; path = Base.lproj/LaunchScreen.storyboard; sourceTree = "<group>"; };
		874C95CA23DEAFEE0043CA08 /* Info.plist */ = {isa = PBXFileReference; lastKnownFileType = text.plist.xml; path = Info.plist; sourceTree = "<group>"; };
		874C95CF23DEAFEE0043CA08 /* DesignPatternsTests.xctest */ = {isa = PBXFileReference; explicitFileType = wrapper.cfbundle; includeInIndex = 0; path = DesignPatternsTests.xctest; sourceTree = BUILT_PRODUCTS_DIR; };
		874C95D323DEAFEE0043CA08 /* DesignPatternsTests.swift */ = {isa = PBXFileReference; lastKnownFileType = sourcecode.swift; path = DesignPatternsTests.swift; sourceTree = "<group>"; };
		874C95D523DEAFEE0043CA08 /* Info.plist */ = {isa = PBXFileReference; lastKnownFileType = text.plist.xml; path = Info.plist; sourceTree = "<group>"; };
		874C95DA23DEAFEE0043CA08 /* DesignPatternsUITests.xctest */ = {isa = PBXFileReference; explicitFileType = wrapper.cfbundle; includeInIndex = 0; path = DesignPatternsUITests.xctest; sourceTree = BUILT_PRODUCTS_DIR; };
		874C95DE23DEAFEE0043CA08 /* DesignPatternsUITests.swift */ = {isa = PBXFileReference; lastKnownFileType = sourcecode.swift; path = DesignPatternsUITests.swift; sourceTree = "<group>"; };
		874C95E023DEAFEE0043CA08 /* Info.plist */ = {isa = PBXFileReference; lastKnownFileType = text.plist.xml; path = Info.plist; sourceTree = "<group>"; };
		874C95EE23DEB0FB0043CA08 /* Abstract Proudcts.swift */ = {isa = PBXFileReference; lastKnownFileType = sourcecode.swift; path = "Abstract Proudcts.swift"; sourceTree = "<group>"; };
		874C95F023DEB12C0043CA08 /* Description */ = {isa = PBXFileReference; lastKnownFileType = text; path = Description; sourceTree = "<group>"; };
		874C95F223DEB1BF0043CA08 /* Concret Products.swift */ = {isa = PBXFileReference; lastKnownFileType = sourcecode.swift; path = "Concret Products.swift"; sourceTree = "<group>"; };
		874C95F423DEB2460043CA08 /* Abstract Factory.swift */ = {isa = PBXFileReference; lastKnownFileType = sourcecode.swift; path = "Abstract Factory.swift"; sourceTree = "<group>"; };
		874C95F623DEB2890043CA08 /* Concrete Factory.swift */ = {isa = PBXFileReference; lastKnownFileType = sourcecode.swift; path = "Concrete Factory.swift"; sourceTree = "<group>"; };
		874C95F823DEB2F10043CA08 /* GUIBuilder.swift */ = {isa = PBXFileReference; lastKnownFileType = sourcecode.swift; path = GUIBuilder.swift; sourceTree = "<group>"; };
		874C95FA23DEB3520043CA08 /* Client.swift */ = {isa = PBXFileReference; lastKnownFileType = sourcecode.swift; path = Client.swift; sourceTree = "<group>"; };
		8751007A23E82BA80096498B /* Amplifier.swift */ = {isa = PBXFileReference; lastKnownFileType = sourcecode.swift; path = Amplifier.swift; sourceTree = "<group>"; };
		8751007C23E82BC20096498B /* CdPlayer.swift */ = {isa = PBXFileReference; lastKnownFileType = sourcecode.swift; path = CdPlayer.swift; sourceTree = "<group>"; };
		8751007E23E82BDC0096498B /* DvdPlayer.swift */ = {isa = PBXFileReference; lastKnownFileType = sourcecode.swift; path = DvdPlayer.swift; sourceTree = "<group>"; };
		8751008023E82C0C0096498B /* HomeTheaterFacade.swift */ = {isa = PBXFileReference; lastKnownFileType = sourcecode.swift; path = HomeTheaterFacade.swift; sourceTree = "<group>"; };
		8751008223E82C2C0096498B /* PopcornPopper.swift */ = {isa = PBXFileReference; lastKnownFileType = sourcecode.swift; path = PopcornPopper.swift; sourceTree = "<group>"; };
		8751008423E82C430096498B /* Projector.swift */ = {isa = PBXFileReference; lastKnownFileType = sourcecode.swift; path = Projector.swift; sourceTree = "<group>"; };
		8751008623E82C5F0096498B /* Screen.swift */ = {isa = PBXFileReference; lastKnownFileType = sourcecode.swift; path = Screen.swift; sourceTree = "<group>"; };
		8751008823E82C750096498B /* TheaterLights.swift */ = {isa = PBXFileReference; lastKnownFileType = sourcecode.swift; path = TheaterLights.swift; sourceTree = "<group>"; };
		8751008A23E82C8B0096498B /* Tuner.swift */ = {isa = PBXFileReference; lastKnownFileType = sourcecode.swift; path = Tuner.swift; sourceTree = "<group>"; };
		8751008D23E82E3F0096498B /* EntryPointFacade.swift */ = {isa = PBXFileReference; lastKnownFileType = sourcecode.swift; path = EntryPointFacade.swift; sourceTree = "<group>"; };
		8751008F23E82F9A0096498B /* DiscribeFacade */ = {isa = PBXFileReference; lastKnownFileType = text; path = DiscribeFacade; sourceTree = "<group>"; };
		875755A123E987E200A7A30A /* CalculatorProblem.swift */ = {isa = PBXFileReference; lastKnownFileType = sourcecode.swift; path = CalculatorProblem.swift; sourceTree = "<group>"; };
		875755A523E987E200A7A30A /* CalculatorSolution.swift */ = {isa = PBXFileReference; lastKnownFileType = sourcecode.swift; path = CalculatorSolution.swift; sourceTree = "<group>"; };
		875755A723E987E200A7A30A /* Connection.swift */ = {isa = PBXFileReference; lastKnownFileType = sourcecode.swift; path = Connection.swift; sourceTree = "<group>"; };
		875755AA23E987E200A7A30A /* Description_SRP */ = {isa = PBXFileReference; lastKnownFileType = text; path = Description_SRP; sourceTree = "<group>"; };
		875755AF23E987E200A7A30A /* OCP_Problem.swift */ = {isa = PBXFileReference; lastKnownFileType = sourcecode.swift; path = OCP_Problem.swift; sourceTree = "<group>"; };
		875755B123E987E200A7A30A /* OCP_Solution.swift */ = {isa = PBXFileReference; lastKnownFileType = sourcecode.swift; path = OCP_Solution.swift; sourceTree = "<group>"; };
		875755B323E9888C00A7A30A /* DescriptionOCP */ = {isa = PBXFileReference; lastKnownFileType = text; path = DescriptionOCP; sourceTree = "<group>"; };
		875755B823E989B500A7A30A /* description_LSP */ = {isa = PBXFileReference; lastKnownFileType = text; path = description_LSP; sourceTree = "<group>"; };
		875755BA23E989F200A7A30A /* LSP_Problem.swift */ = {isa = PBXFileReference; lastKnownFileType = sourcecode.swift; path = LSP_Problem.swift; sourceTree = "<group>"; };
		875755BC23E98B0B00A7A30A /* LSP_Solution.swift */ = {isa = PBXFileReference; lastKnownFileType = sourcecode.swift; path = LSP_Solution.swift; sourceTree = "<group>"; };
		875755C123E996D300A7A30A /* description_ISP */ = {isa = PBXFileReference; lastKnownFileType = text; path = description_ISP; sourceTree = "<group>"; };
		875755C323E9972400A7A30A /* ISP_Problem.swift */ = {isa = PBXFileReference; lastKnownFileType = sourcecode.swift; path = ISP_Problem.swift; sourceTree = "<group>"; };
		875755C523E9981B00A7A30A /* ISP_Solution.swift */ = {isa = PBXFileReference; lastKnownFileType = sourcecode.swift; path = ISP_Solution.swift; sourceTree = "<group>"; };
		875755CA23E9998C00A7A30A /* Description_DIVP */ = {isa = PBXFileReference; lastKnownFileType = text; path = Description_DIVP; sourceTree = "<group>"; };
		875755CC23E999D600A7A30A /* DIVP_Problem .swift */ = {isa = PBXFileReference; lastKnownFileType = sourcecode.swift; path = "DIVP_Problem .swift"; sourceTree = "<group>"; };
		875755CE23E99B8B00A7A30A /* DIVP_Solution.swift */ = {isa = PBXFileReference; lastKnownFileType = sourcecode.swift; path = DIVP_Solution.swift; sourceTree = "<group>"; };
		87DBF66F23E81F68003C899C /* Singletone.swift */ = {isa = PBXFileReference; lastKnownFileType = sourcecode.swift; path = Singletone.swift; sourceTree = "<group>"; };
		87DBF67123E81FEE003C899C /* DeiscripSingletone */ = {isa = PBXFileReference; lastKnownFileType = text; path = DeiscripSingletone; sourceTree = "<group>"; };
		87DBF67323E82082003C899C /* SingletoneClient.swift */ = {isa = PBXFileReference; lastKnownFileType = sourcecode.swift; path = SingletoneClient.swift; sourceTree = "<group>"; };
		87F5FB5123E30DB2001903F6 /* DescriptionStrategy */ = {isa = PBXFileReference; lastKnownFileType = text; path = DescriptionStrategy; sourceTree = "<group>"; };
		87F5FB5323E30E01001903F6 /* IStrategy.swift */ = {isa = PBXFileReference; lastKnownFileType = sourcecode.swift; path = IStrategy.swift; sourceTree = "<group>"; };
		87F5FB5523E30E7C001903F6 /* Strategy_Impl.swift */ = {isa = PBXFileReference; lastKnownFileType = sourcecode.swift; path = Strategy_Impl.swift; sourceTree = "<group>"; };
		87F5FB5723E30F8A001903F6 /* Shopping Card.swift */ = {isa = PBXFileReference; lastKnownFileType = sourcecode.swift; path = "Shopping Card.swift"; sourceTree = "<group>"; };
		87F5FB5923E3130A001903F6 /* ClientStrategy.swift */ = {isa = PBXFileReference; lastKnownFileType = sourcecode.swift; path = ClientStrategy.swift; sourceTree = "<group>"; };
		87F5FB5C23E31901001903F6 /* DescriptionProxy */ = {isa = PBXFileReference; lastKnownFileType = text; path = DescriptionProxy; sourceTree = "<group>"; };
		87F5FB5E23E31A27001903F6 /* IProxy.swift */ = {isa = PBXFileReference; lastKnownFileType = sourcecode.swift; path = IProxy.swift; sourceTree = "<group>"; };
		87F5FB6023E31AA4001903F6 /* Success.swift */ = {isa = PBXFileReference; lastKnownFileType = sourcecode.swift; path = Success.swift; sourceTree = "<group>"; };
		87F5FB6223E31B2E001903F6 /* Proxy_Impl.swift */ = {isa = PBXFileReference; lastKnownFileType = sourcecode.swift; path = Proxy_Impl.swift; sourceTree = "<group>"; };
		87F5FB6423E31D6A001903F6 /* ClientProxy.swift */ = {isa = PBXFileReference; lastKnownFileType = sourcecode.swift; path = ClientProxy.swift; sourceTree = "<group>"; };
		87F5FB6723E45C68001903F6 /* AdapterDescription */ = {isa = PBXFileReference; lastKnownFileType = text; path = AdapterDescription; sourceTree = "<group>"; };
		87F5FB6A23E46078001903F6 /* RussianTarget.swift */ = {isa = PBXFileReference; lastKnownFileType = sourcecode.swift; path = RussianTarget.swift; sourceTree = "<group>"; };
		87F5FB6C23E461B6001903F6 /* EnglishAdaptee.swift */ = {isa = PBXFileReference; lastKnownFileType = sourcecode.swift; path = EnglishAdaptee.swift; sourceTree = "<group>"; };
		87F5FB6E23E46550001903F6 /* TranslatorAdapter.swift */ = {isa = PBXFileReference; lastKnownFileType = sourcecode.swift; path = TranslatorAdapter.swift; sourceTree = "<group>"; };
		87F5FB7023E46D5F001903F6 /* AdapterClient.swift */ = {isa = PBXFileReference; lastKnownFileType = sourcecode.swift; path = AdapterClient.swift; sourceTree = "<group>"; };
		87F5FB7523E4808B001903F6 /* CommandDescription */ = {isa = PBXFileReference; lastKnownFileType = text; path = CommandDescription; sourceTree = "<group>"; };
		87F5FB7723E481C5001903F6 /* Command.swift */ = {isa = PBXFileReference; lastKnownFileType = sourcecode.swift; path = Command.swift; sourceTree = "<group>"; };
		87F5FB7923E4820E001903F6 /* PlayReciever.swift */ = {isa = PBXFileReference; lastKnownFileType = sourcecode.swift; path = PlayReciever.swift; sourceTree = "<group>"; };
		87F5FB7B23E482C8001903F6 /* LongPass.swift */ = {isa = PBXFileReference; lastKnownFileType = sourcecode.swift; path = LongPass.swift; sourceTree = "<group>"; };
		87F5FB7D23E483FD001903F6 /* Tackling.swift */ = {isa = PBXFileReference; lastKnownFileType = sourcecode.swift; path = Tackling.swift; sourceTree = "<group>"; };
		87F5FB7F23E48498001903F6 /* JoystickInvoker.swift */ = {isa = PBXFileReference; lastKnownFileType = sourcecode.swift; path = JoystickInvoker.swift; sourceTree = "<group>"; };
		87F5FB8123E48596001903F6 /* CommandClient.swift */ = {isa = PBXFileReference; lastKnownFileType = sourcecode.swift; path = CommandClient.swift; sourceTree = "<group>"; };
		87F5FB8623E58786001903F6 /* DiscriptionCoR */ = {isa = PBXFileReference; lastKnownFileType = text; path = DiscriptionCoR; sourceTree = "<group>"; };
		87F5FB8823E58926001903F6 /* MathHandler.swift */ = {isa = PBXFileReference; lastKnownFileType = sourcecode.swift; path = MathHandler.swift; sourceTree = "<group>"; };
		87F5FB8A23E58971001903F6 /* Request.swift */ = {isa = PBXFileReference; lastKnownFileType = sourcecode.swift; path = Request.swift; sourceTree = "<group>"; };
		87F5FB8C23E58992001903F6 /* AddHandler.swift */ = {isa = PBXFileReference; lastKnownFileType = sourcecode.swift; path = AddHandler.swift; sourceTree = "<group>"; };
		87F5FB8E23E58E5A001903F6 /* SubHandler.swift */ = {isa = PBXFileReference; lastKnownFileType = sourcecode.swift; path = SubHandler.swift; sourceTree = "<group>"; };
		87F5FB9023E58EA3001903F6 /* DivHandler.swift */ = {isa = PBXFileReference; lastKnownFileType = sourcecode.swift; path = DivHandler.swift; sourceTree = "<group>"; };
		87F5FB9223E58EED001903F6 /* MulHandler.swift */ = {isa = PBXFileReference; lastKnownFileType = sourcecode.swift; path = MulHandler.swift; sourceTree = "<group>"; };
		87F5FB9423E58FA1001903F6 /* Receiver.swift */ = {isa = PBXFileReference; lastKnownFileType = sourcecode.swift; path = Receiver.swift; sourceTree = "<group>"; };
		87F5FB9623E59147001903F6 /* ClientCoR.swift */ = {isa = PBXFileReference; lastKnownFileType = sourcecode.swift; path = ClientCoR.swift; sourceTree = "<group>"; };
/* End PBXFileReference section */

/* Begin PBXFrameworksBuildPhase section */
		874C95B623DEAFEA0043CA08 /* Frameworks */ = {
			isa = PBXFrameworksBuildPhase;
			buildActionMask = 2147483647;
			files = (
			);
			runOnlyForDeploymentPostprocessing = 0;
		};
		874C95CC23DEAFEE0043CA08 /* Frameworks */ = {
			isa = PBXFrameworksBuildPhase;
			buildActionMask = 2147483647;
			files = (
			);
			runOnlyForDeploymentPostprocessing = 0;
		};
		874C95D723DEAFEE0043CA08 /* Frameworks */ = {
			isa = PBXFrameworksBuildPhase;
			buildActionMask = 2147483647;
			files = (
			);
			runOnlyForDeploymentPostprocessing = 0;
		};
/* End PBXFrameworksBuildPhase section */

/* Begin PBXGroup section */
		870CB13023E0A6770022B7B4 /* Behavioral */ = {
			isa = PBXGroup;
			children = (
				87F5FB8323E586FA001903F6 /* ChainOfResponsiblity */,
				87F5FB7223E48035001903F6 /* Command */,
				87F5FB5023E30D93001903F6 /* Strategy */,
			);
			path = Behavioral;
			sourceTree = "<group>";
		};
		870CB13123E0A6820022B7B4 /* Structual */ = {
			isa = PBXGroup;
			children = (
				8751007923E82B7B0096498B /* Facade */,
				87F5FB6623E45C51001903F6 /* Adapter */,
				87F5FB5B23E317E3001903F6 /* Proxy */,
			);
			path = Structual;
			sourceTree = "<group>";
		};
		874C95B023DEAFEA0043CA08 = {
			isa = PBXGroup;
			children = (
				874C95BB23DEAFEA0043CA08 /* DesignPatterns */,
				874C95D223DEAFEE0043CA08 /* DesignPatternsTests */,
				874C95DD23DEAFEE0043CA08 /* DesignPatternsUITests */,
				874C95BA23DEAFEA0043CA08 /* Products */,
			);
			sourceTree = "<group>";
		};
		874C95BA23DEAFEA0043CA08 /* Products */ = {
			isa = PBXGroup;
			children = (
				874C95B923DEAFEA0043CA08 /* DesignPatterns.app */,
				874C95CF23DEAFEE0043CA08 /* DesignPatternsTests.xctest */,
				874C95DA23DEAFEE0043CA08 /* DesignPatternsUITests.xctest */,
			);
			name = Products;
			sourceTree = "<group>";
		};
		874C95BB23DEAFEA0043CA08 /* DesignPatterns */ = {
			isa = PBXGroup;
			children = (
				875755A023E987E200A7A30A /* Solid Princibles */,
				870CB13123E0A6820022B7B4 /* Structual */,
				870CB13023E0A6770022B7B4 /* Behavioral */,
				874C95EC23DEAFFA0043CA08 /* Cerational */,
				874C95BC23DEAFEA0043CA08 /* AppDelegate.swift */,
				874C95BE23DEAFEA0043CA08 /* SceneDelegate.swift */,
				874C95C023DEAFEA0043CA08 /* ViewController.swift */,
				874C95C223DEAFEA0043CA08 /* Main.storyboard */,
				874C95C523DEAFEE0043CA08 /* Assets.xcassets */,
				874C95C723DEAFEE0043CA08 /* LaunchScreen.storyboard */,
				874C95CA23DEAFEE0043CA08 /* Info.plist */,
			);
			path = DesignPatterns;
			sourceTree = "<group>";
		};
		874C95D223DEAFEE0043CA08 /* DesignPatternsTests */ = {
			isa = PBXGroup;
			children = (
				874C95D323DEAFEE0043CA08 /* DesignPatternsTests.swift */,
				874C95D523DEAFEE0043CA08 /* Info.plist */,
			);
			path = DesignPatternsTests;
			sourceTree = "<group>";
		};
		874C95DD23DEAFEE0043CA08 /* DesignPatternsUITests */ = {
			isa = PBXGroup;
			children = (
				874C95DE23DEAFEE0043CA08 /* DesignPatternsUITests.swift */,
				874C95E023DEAFEE0043CA08 /* Info.plist */,
			);
			path = DesignPatternsUITests;
			sourceTree = "<group>";
		};
		874C95EC23DEAFFA0043CA08 /* Cerational */ = {
			isa = PBXGroup;
			children = (
				87DBF66E23E81F3F003C899C /* Singletone */,
				874C95ED23DEB04E0043CA08 /* AbstraceFactory */,
			);
			path = Cerational;
			sourceTree = "<group>";
		};
		874C95ED23DEB04E0043CA08 /* AbstraceFactory */ = {
			isa = PBXGroup;
			children = (
				874C95EE23DEB0FB0043CA08 /* Abstract Proudcts.swift */,
				874C95F023DEB12C0043CA08 /* Description */,
				874C95F223DEB1BF0043CA08 /* Concret Products.swift */,
				874C95F423DEB2460043CA08 /* Abstract Factory.swift */,
				874C95F623DEB2890043CA08 /* Concrete Factory.swift */,
				874C95F823DEB2F10043CA08 /* GUIBuilder.swift */,
				874C95FA23DEB3520043CA08 /* Client.swift */,
			);
			path = AbstraceFactory;
			sourceTree = "<group>";
		};
		8751007923E82B7B0096498B /* Facade */ = {
			isa = PBXGroup;
			children = (
				8751008C23E82DAB0096498B /* Subsystems */,
				8751008023E82C0C0096498B /* HomeTheaterFacade.swift */,
				8751008D23E82E3F0096498B /* EntryPointFacade.swift */,
				8751008F23E82F9A0096498B /* DiscribeFacade */,
			);
			path = Facade;
			sourceTree = "<group>";
		};
		8751008C23E82DAB0096498B /* Subsystems */ = {
			isa = PBXGroup;
			children = (
				8751007A23E82BA80096498B /* Amplifier.swift */,
				8751007C23E82BC20096498B /* CdPlayer.swift */,
				8751007E23E82BDC0096498B /* DvdPlayer.swift */,
				8751008223E82C2C0096498B /* PopcornPopper.swift */,
				8751008423E82C430096498B /* Projector.swift */,
				8751008623E82C5F0096498B /* Screen.swift */,
				8751008823E82C750096498B /* TheaterLights.swift */,
				8751008A23E82C8B0096498B /* Tuner.swift */,
			);
			path = Subsystems;
			sourceTree = "<group>";
		};
		875755A023E987E200A7A30A /* Solid Princibles */ = {
			isa = PBXGroup;
			children = (
				875755C723E9994200A7A30A /* Dependency Inversion Principle  */,
				875755BE23E9968600A7A30A /* Interface Segregation Principle */,
				875755B523E9893F00A7A30A /* Liskov Substitution Principle  */,
				875755AC23E987E200A7A30A /* Open Closed Princible */,
				875755A923E987E200A7A30A /* Single Responibilty Princible */,
			);
			path = "Solid Princibles";
			sourceTree = "<group>";
		};
		875755A323E987E200A7A30A /* problem  */ = {
			isa = PBXGroup;
			children = (
				875755A123E987E200A7A30A /* CalculatorProblem.swift */,
			);
			path = "problem ";
			sourceTree = "<group>";
		};
		875755A423E987E200A7A30A /* Solution */ = {
			isa = PBXGroup;
			children = (
				875755A523E987E200A7A30A /* CalculatorSolution.swift */,
				875755A723E987E200A7A30A /* Connection.swift */,
			);
			path = Solution;
			sourceTree = "<group>";
		};
		875755A923E987E200A7A30A /* Single Responibilty Princible */ = {
			isa = PBXGroup;
			children = (
				875755AA23E987E200A7A30A /* Description_SRP */,
				875755A423E987E200A7A30A /* Solution */,
				875755A323E987E200A7A30A /* problem  */,
			);
			path = "Single Responibilty Princible";
			sourceTree = "<group>";
		};
		875755AC23E987E200A7A30A /* Open Closed Princible */ = {
			isa = PBXGroup;
			children = (
				875755AE23E987E200A7A30A /* Solution */,
				875755AD23E987E200A7A30A /* Problem */,
				875755B323E9888C00A7A30A /* DescriptionOCP */,
			);
			path = "Open Closed Princible";
			sourceTree = "<group>";
		};
		875755AD23E987E200A7A30A /* Problem */ = {
			isa = PBXGroup;
			children = (
				875755AF23E987E200A7A30A /* OCP_Problem.swift */,
			);
			path = Problem;
			sourceTree = "<group>";
		};
		875755AE23E987E200A7A30A /* Solution */ = {
			isa = PBXGroup;
			children = (
				875755B123E987E200A7A30A /* OCP_Solution.swift */,
			);
			path = Solution;
			sourceTree = "<group>";
		};
		875755B523E9893F00A7A30A /* Liskov Substitution Principle  */ = {
			isa = PBXGroup;
			children = (
				875755B723E9894F00A7A30A /* Solution */,
				875755B623E9894800A7A30A /* Problem */,
				875755B823E989B500A7A30A /* description_LSP */,
			);
			path = "Liskov Substitution Principle ";
			sourceTree = "<group>";
		};
		875755B623E9894800A7A30A /* Problem */ = {
			isa = PBXGroup;
			children = (
				875755BA23E989F200A7A30A /* LSP_Problem.swift */,
			);
			path = Problem;
			sourceTree = "<group>";
		};
		875755B723E9894F00A7A30A /* Solution */ = {
			isa = PBXGroup;
			children = (
				875755BC23E98B0B00A7A30A /* LSP_Solution.swift */,
			);
			path = Solution;
			sourceTree = "<group>";
		};
		875755BE23E9968600A7A30A /* Interface Segregation Principle */ = {
			isa = PBXGroup;
			children = (
				875755C023E9969C00A7A30A /* Solution */,
				875755BF23E9969000A7A30A /* Problem */,
				875755C123E996D300A7A30A /* description_ISP */,
			);
			path = "Interface Segregation Principle";
			sourceTree = "<group>";
		};
		875755BF23E9969000A7A30A /* Problem */ = {
			isa = PBXGroup;
			children = (
				875755C323E9972400A7A30A /* ISP_Problem.swift */,
			);
			path = Problem;
			sourceTree = "<group>";
		};
		875755C023E9969C00A7A30A /* Solution */ = {
			isa = PBXGroup;
			children = (
				875755C523E9981B00A7A30A /* ISP_Solution.swift */,
			);
			path = Solution;
			sourceTree = "<group>";
		};
		875755C723E9994200A7A30A /* Dependency Inversion Principle  */ = {
			isa = PBXGroup;
			children = (
				875755C923E9995500A7A30A /* Solution */,
				875755C823E9994D00A7A30A /* Problem */,
				875755CA23E9998C00A7A30A /* Description_DIVP */,
			);
			path = "Dependency Inversion Principle ";
			sourceTree = "<group>";
		};
		875755C823E9994D00A7A30A /* Problem */ = {
			isa = PBXGroup;
			children = (
				875755CC23E999D600A7A30A /* DIVP_Problem .swift */,
			);
			path = Problem;
			sourceTree = "<group>";
		};
		875755C923E9995500A7A30A /* Solution */ = {
			isa = PBXGroup;
			children = (
				875755CE23E99B8B00A7A30A /* DIVP_Solution.swift */,
			);
			path = Solution;
			sourceTree = "<group>";
		};
		87DBF66E23E81F3F003C899C /* Singletone */ = {
			isa = PBXGroup;
			children = (
				87DBF66F23E81F68003C899C /* Singletone.swift */,
				87DBF67123E81FEE003C899C /* DeiscripSingletone */,
				87DBF67323E82082003C899C /* SingletoneClient.swift */,
			);
			path = Singletone;
			sourceTree = "<group>";
		};
		87F5FB5023E30D93001903F6 /* Strategy */ = {
			isa = PBXGroup;
			children = (
				87F5FB5123E30DB2001903F6 /* DescriptionStrategy */,
				87F5FB5323E30E01001903F6 /* IStrategy.swift */,
				87F5FB5523E30E7C001903F6 /* Strategy_Impl.swift */,
				87F5FB5723E30F8A001903F6 /* Shopping Card.swift */,
				87F5FB5923E3130A001903F6 /* ClientStrategy.swift */,
			);
			path = Strategy;
			sourceTree = "<group>";
		};
		87F5FB5B23E317E3001903F6 /* Proxy */ = {
			isa = PBXGroup;
			children = (
				87F5FB5C23E31901001903F6 /* DescriptionProxy */,
				87F5FB5E23E31A27001903F6 /* IProxy.swift */,
				87F5FB6023E31AA4001903F6 /* Success.swift */,
				87F5FB6223E31B2E001903F6 /* Proxy_Impl.swift */,
				87F5FB6423E31D6A001903F6 /* ClientProxy.swift */,
			);
			path = Proxy;
			sourceTree = "<group>";
		};
		87F5FB6623E45C51001903F6 /* Adapter */ = {
			isa = PBXGroup;
			children = (
				87F5FB6723E45C68001903F6 /* AdapterDescription */,
				87F5FB6A23E46078001903F6 /* RussianTarget.swift */,
				87F5FB6C23E461B6001903F6 /* EnglishAdaptee.swift */,
				87F5FB6E23E46550001903F6 /* TranslatorAdapter.swift */,
				87F5FB7023E46D5F001903F6 /* AdapterClient.swift */,
			);
			path = Adapter;
			sourceTree = "<group>";
		};
		87F5FB7223E48035001903F6 /* Command */ = {
			isa = PBXGroup;
			children = (
				87F5FB7523E4808B001903F6 /* CommandDescription */,
				87F5FB7723E481C5001903F6 /* Command.swift */,
				87F5FB7923E4820E001903F6 /* PlayReciever.swift */,
				87F5FB7B23E482C8001903F6 /* LongPass.swift */,
				87F5FB7D23E483FD001903F6 /* Tackling.swift */,
				87F5FB7F23E48498001903F6 /* JoystickInvoker.swift */,
				87F5FB8123E48596001903F6 /* CommandClient.swift */,
			);
			path = Command;
			sourceTree = "<group>";
		};
		87F5FB8323E586FA001903F6 /* ChainOfResponsiblity */ = {
			isa = PBXGroup;
			children = (
				87F5FB8623E58786001903F6 /* DiscriptionCoR */,
				87F5FB8823E58926001903F6 /* MathHandler.swift */,
				87F5FB8A23E58971001903F6 /* Request.swift */,
				87F5FB8C23E58992001903F6 /* AddHandler.swift */,
				87F5FB8E23E58E5A001903F6 /* SubHandler.swift */,
				87F5FB9023E58EA3001903F6 /* DivHandler.swift */,
				87F5FB9223E58EED001903F6 /* MulHandler.swift */,
				87F5FB9423E58FA1001903F6 /* Receiver.swift */,
				87F5FB9623E59147001903F6 /* ClientCoR.swift */,
			);
			path = ChainOfResponsiblity;
			sourceTree = "<group>";
		};
/* End PBXGroup section */

/* Begin PBXNativeTarget section */
		874C95B823DEAFEA0043CA08 /* DesignPatterns */ = {
			isa = PBXNativeTarget;
			buildConfigurationList = 874C95E323DEAFEE0043CA08 /* Build configuration list for PBXNativeTarget "DesignPatterns" */;
			buildPhases = (
				874C95B523DEAFEA0043CA08 /* Sources */,
				874C95B623DEAFEA0043CA08 /* Frameworks */,
				874C95B723DEAFEA0043CA08 /* Resources */,
			);
			buildRules = (
			);
			dependencies = (
			);
			name = DesignPatterns;
			productName = DesignPatterns;
			productReference = 874C95B923DEAFEA0043CA08 /* DesignPatterns.app */;
			productType = "com.apple.product-type.application";
		};
		874C95CE23DEAFEE0043CA08 /* DesignPatternsTests */ = {
			isa = PBXNativeTarget;
			buildConfigurationList = 874C95E623DEAFEE0043CA08 /* Build configuration list for PBXNativeTarget "DesignPatternsTests" */;
			buildPhases = (
				874C95CB23DEAFEE0043CA08 /* Sources */,
				874C95CC23DEAFEE0043CA08 /* Frameworks */,
				874C95CD23DEAFEE0043CA08 /* Resources */,
			);
			buildRules = (
			);
			dependencies = (
				874C95D123DEAFEE0043CA08 /* PBXTargetDependency */,
			);
			name = DesignPatternsTests;
			productName = DesignPatternsTests;
			productReference = 874C95CF23DEAFEE0043CA08 /* DesignPatternsTests.xctest */;
			productType = "com.apple.product-type.bundle.unit-test";
		};
		874C95D923DEAFEE0043CA08 /* DesignPatternsUITests */ = {
			isa = PBXNativeTarget;
			buildConfigurationList = 874C95E923DEAFEE0043CA08 /* Build configuration list for PBXNativeTarget "DesignPatternsUITests" */;
			buildPhases = (
				874C95D623DEAFEE0043CA08 /* Sources */,
				874C95D723DEAFEE0043CA08 /* Frameworks */,
				874C95D823DEAFEE0043CA08 /* Resources */,
			);
			buildRules = (
			);
			dependencies = (
				874C95DC23DEAFEE0043CA08 /* PBXTargetDependency */,
			);
			name = DesignPatternsUITests;
			productName = DesignPatternsUITests;
			productReference = 874C95DA23DEAFEE0043CA08 /* DesignPatternsUITests.xctest */;
			productType = "com.apple.product-type.bundle.ui-testing";
		};
/* End PBXNativeTarget section */

/* Begin PBXProject section */
		874C95B123DEAFEA0043CA08 /* Project object */ = {
			isa = PBXProject;
			attributes = {
				LastSwiftUpdateCheck = 1120;
				LastUpgradeCheck = 1120;
				ORGANIZATIONNAME = "Mohamed Korany Ali";
				TargetAttributes = {
					874C95B823DEAFEA0043CA08 = {
						CreatedOnToolsVersion = 11.2.1;
					};
					874C95CE23DEAFEE0043CA08 = {
						CreatedOnToolsVersion = 11.2.1;
						TestTargetID = 874C95B823DEAFEA0043CA08;
					};
					874C95D923DEAFEE0043CA08 = {
						CreatedOnToolsVersion = 11.2.1;
						TestTargetID = 874C95B823DEAFEA0043CA08;
					};
				};
			};
			buildConfigurationList = 874C95B423DEAFEA0043CA08 /* Build configuration list for PBXProject "DesignPatterns" */;
			compatibilityVersion = "Xcode 9.3";
			developmentRegion = en;
			hasScannedForEncodings = 0;
			knownRegions = (
				en,
				Base,
			);
			mainGroup = 874C95B023DEAFEA0043CA08;
			productRefGroup = 874C95BA23DEAFEA0043CA08 /* Products */;
			projectDirPath = "";
			projectRoot = "";
			targets = (
				874C95B823DEAFEA0043CA08 /* DesignPatterns */,
				874C95CE23DEAFEE0043CA08 /* DesignPatternsTests */,
				874C95D923DEAFEE0043CA08 /* DesignPatternsUITests */,
			);
		};
/* End PBXProject section */

/* Begin PBXResourcesBuildPhase section */
		874C95B723DEAFEA0043CA08 /* Resources */ = {
			isa = PBXResourcesBuildPhase;
			buildActionMask = 2147483647;
			files = (
				8751009023E82F9A0096498B /* DiscribeFacade in Resources */,
				874C95C923DEAFEE0043CA08 /* LaunchScreen.storyboard in Resources */,
				875755B423E9888C00A7A30A /* DescriptionOCP in Resources */,
				874C95C623DEAFEE0043CA08 /* Assets.xcassets in Resources */,
				87F5FB8723E58786001903F6 /* DiscriptionCoR in Resources */,
				87DBF67223E81FEE003C899C /* DeiscripSingletone in Resources */,
				875755CB23E9998C00A7A30A /* Description_DIVP in Resources */,
				874C95C423DEAFEA0043CA08 /* Main.storyboard in Resources */,
				875755C223E996D300A7A30A /* description_ISP in Resources */,
				87F5FB6823E45C68001903F6 /* AdapterDescription in Resources */,
				875755AB23E987E200A7A30A /* Description_SRP in Resources */,
				874C95F123DEB12C0043CA08 /* Description in Resources */,
				87F5FB7623E4808B001903F6 /* CommandDescription in Resources */,
				87F5FB5D23E31901001903F6 /* DescriptionProxy in Resources */,
				87F5FB5223E30DB2001903F6 /* DescriptionStrategy in Resources */,
				875755B923E989B500A7A30A /* description_LSP in Resources */,
			);
			runOnlyForDeploymentPostprocessing = 0;
		};
		874C95CD23DEAFEE0043CA08 /* Resources */ = {
			isa = PBXResourcesBuildPhase;
			buildActionMask = 2147483647;
			files = (
			);
			runOnlyForDeploymentPostprocessing = 0;
		};
		874C95D823DEAFEE0043CA08 /* Resources */ = {
			isa = PBXResourcesBuildPhase;
			buildActionMask = 2147483647;
			files = (
			);
			runOnlyForDeploymentPostprocessing = 0;
		};
/* End PBXResourcesBuildPhase section */

/* Begin PBXSourcesBuildPhase section */
		874C95B523DEAFEA0043CA08 /* Sources */ = {
			isa = PBXSourcesBuildPhase;
			buildActionMask = 2147483647;
			files = (
				87F5FB7C23E482C8001903F6 /* LongPass.swift in Sources */,
				87F5FB6123E31AA4001903F6 /* Success.swift in Sources */,
				8751008923E82C750096498B /* TheaterLights.swift in Sources */,
				87F5FB8D23E58992001903F6 /* AddHandler.swift in Sources */,
				8751008523E82C430096498B /* Projector.swift in Sources */,
				875755C623E9981B00A7A30A /* ISP_Solution.swift in Sources */,
				874C95C123DEAFEA0043CA08 /* ViewController.swift in Sources */,
				874C95F523DEB2460043CA08 /* Abstract Factory.swift in Sources */,
				875755B223E987E200A7A30A /* OCP_Solution.swift in Sources */,
				874C95BD23DEAFEA0043CA08 /* AppDelegate.swift in Sources */,
				87F5FB8223E48596001903F6 /* CommandClient.swift in Sources */,
				87F5FB8B23E58971001903F6 /* Request.swift in Sources */,
				87F5FB6D23E461B6001903F6 /* EnglishAdaptee.swift in Sources */,
				875755BD23E98B0B00A7A30A /* LSP_Solution.swift in Sources */,
				8751008123E82C0C0096498B /* HomeTheaterFacade.swift in Sources */,
				87F5FB6F23E46550001903F6 /* TranslatorAdapter.swift in Sources */,
				874C95F723DEB2890043CA08 /* Concrete Factory.swift in Sources */,
				87F5FB5423E30E01001903F6 /* IStrategy.swift in Sources */,
				87F5FB9123E58EA3001903F6 /* DivHandler.swift in Sources */,
				8751008723E82C5F0096498B /* Screen.swift in Sources */,
				8751007F23E82BDC0096498B /* DvdPlayer.swift in Sources */,
				8751007B23E82BA80096498B /* Amplifier.swift in Sources */,
				87F5FB7A23E4820E001903F6 /* PlayReciever.swift in Sources */,
				87F5FB8023E48498001903F6 /* JoystickInvoker.swift in Sources */,
				87F5FB5623E30E7C001903F6 /* Strategy_Impl.swift in Sources */,
				8751008323E82C2C0096498B /* PopcornPopper.swift in Sources */,
				87DBF67423E82082003C899C /* SingletoneClient.swift in Sources */,
				87F5FB7823E481C5001903F6 /* Command.swift in Sources */,
				87F5FB6523E31D6A001903F6 /* ClientProxy.swift in Sources */,
				875755B023E987E200A7A30A /* OCP_Problem.swift in Sources */,
				875755C423E9972400A7A30A /* ISP_Problem.swift in Sources */,
				87F5FB5A23E3130A001903F6 /* ClientStrategy.swift in Sources */,
				875755CD23E999D600A7A30A /* DIVP_Problem .swift in Sources */,
				874C95EF23DEB0FB0043CA08 /* Abstract Proudcts.swift in Sources */,
				87F5FB5F23E31A27001903F6 /* IProxy.swift in Sources */,
				874C95BF23DEAFEA0043CA08 /* SceneDelegate.swift in Sources */,
				87F5FB5823E30F8A001903F6 /* Shopping Card.swift in Sources */,
				874C95F323DEB1C00043CA08 /* Concret Products.swift in Sources */,
				874C95F923DEB2F10043CA08 /* GUIBuilder.swift in Sources */,
				87F5FB6323E31B2E001903F6 /* Proxy_Impl.swift in Sources */,
				87F5FB6B23E46078001903F6 /* RussianTarget.swift in Sources */,
				87F5FB8F23E58E5A001903F6 /* SubHandler.swift in Sources */,
				8751008B23E82C8B0096498B /* Tuner.swift in Sources */,
				875755A823E987E200A7A30A /* Connection.swift in Sources */,
				875755A623E987E200A7A30A /* CalculatorSolution.swift in Sources */,
				87F5FB9723E59147001903F6 /* ClientCoR.swift in Sources */,
				875755A223E987E200A7A30A /* CalculatorProblem.swift in Sources */,
				8751007D23E82BC20096498B /* CdPlayer.swift in Sources */,
				87F5FB8923E58926001903F6 /* MathHandler.swift in Sources */,
				87F5FB7E23E483FD001903F6 /* Tackling.swift in Sources */,
				875755BB23E989F200A7A30A /* LSP_Problem.swift in Sources */,
				87DBF67023E81F68003C899C /* Singletone.swift in Sources */,
				87F5FB9523E58FA1001903F6 /* Receiver.swift in Sources */,
				874C95FB23DEB3520043CA08 /* Client.swift in Sources */,
				87F5FB7123E46D5F001903F6 /* AdapterClient.swift in Sources */,
				875755CF23E99B8B00A7A30A /* DIVP_Solution.swift in Sources */,
				87F5FB9323E58EED001903F6 /* MulHandler.swift in Sources */,
				8751008E23E82E3F0096498B /* EntryPointFacade.swift in Sources */,
			);
			runOnlyForDeploymentPostprocessing = 0;
		};
		874C95CB23DEAFEE0043CA08 /* Sources */ = {
			isa = PBXSourcesBuildPhase;
			buildActionMask = 2147483647;
			files = (
				874C95D423DEAFEE0043CA08 /* DesignPatternsTests.swift in Sources */,
			);
			runOnlyForDeploymentPostprocessing = 0;
		};
		874C95D623DEAFEE0043CA08 /* Sources */ = {
			isa = PBXSourcesBuildPhase;
			buildActionMask = 2147483647;
			files = (
				874C95DF23DEAFEE0043CA08 /* DesignPatternsUITests.swift in Sources */,
			);
			runOnlyForDeploymentPostprocessing = 0;
		};
/* End PBXSourcesBuildPhase section */

/* Begin PBXTargetDependency section */
		874C95D123DEAFEE0043CA08 /* PBXTargetDependency */ = {
			isa = PBXTargetDependency;
			target = 874C95B823DEAFEA0043CA08 /* DesignPatterns */;
			targetProxy = 874C95D023DEAFEE0043CA08 /* PBXContainerItemProxy */;
		};
		874C95DC23DEAFEE0043CA08 /* PBXTargetDependency */ = {
			isa = PBXTargetDependency;
			target = 874C95B823DEAFEA0043CA08 /* DesignPatterns */;
			targetProxy = 874C95DB23DEAFEE0043CA08 /* PBXContainerItemProxy */;
		};
/* End PBXTargetDependency section */

/* Begin PBXVariantGroup section */
		874C95C223DEAFEA0043CA08 /* Main.storyboard */ = {
			isa = PBXVariantGroup;
			children = (
				874C95C323DEAFEA0043CA08 /* Base */,
			);
			name = Main.storyboard;
			sourceTree = "<group>";
		};
		874C95C723DEAFEE0043CA08 /* LaunchScreen.storyboard */ = {
			isa = PBXVariantGroup;
			children = (
				874C95C823DEAFEE0043CA08 /* Base */,
			);
			name = LaunchScreen.storyboard;
			sourceTree = "<group>";
		};
/* End PBXVariantGroup section */

/* Begin XCBuildConfiguration section */
		874C95E123DEAFEE0043CA08 /* Debug */ = {
			isa = XCBuildConfiguration;
			buildSettings = {
				ALWAYS_SEARCH_USER_PATHS = NO;
				CLANG_ANALYZER_NONNULL = YES;
				CLANG_ANALYZER_NUMBER_OBJECT_CONVERSION = YES_AGGRESSIVE;
				CLANG_CXX_LANGUAGE_STANDARD = "gnu++14";
				CLANG_CXX_LIBRARY = "libc++";
				CLANG_ENABLE_MODULES = YES;
				CLANG_ENABLE_OBJC_ARC = YES;
				CLANG_ENABLE_OBJC_WEAK = YES;
				CLANG_WARN_BLOCK_CAPTURE_AUTORELEASING = YES;
				CLANG_WARN_BOOL_CONVERSION = YES;
				CLANG_WARN_COMMA = YES;
				CLANG_WARN_CONSTANT_CONVERSION = YES;
				CLANG_WARN_DEPRECATED_OBJC_IMPLEMENTATIONS = YES;
				CLANG_WARN_DIRECT_OBJC_ISA_USAGE = YES_ERROR;
				CLANG_WARN_DOCUMENTATION_COMMENTS = YES;
				CLANG_WARN_EMPTY_BODY = YES;
				CLANG_WARN_ENUM_CONVERSION = YES;
				CLANG_WARN_INFINITE_RECURSION = YES;
				CLANG_WARN_INT_CONVERSION = YES;
				CLANG_WARN_NON_LITERAL_NULL_CONVERSION = YES;
				CLANG_WARN_OBJC_IMPLICIT_RETAIN_SELF = YES;
				CLANG_WARN_OBJC_LITERAL_CONVERSION = YES;
				CLANG_WARN_OBJC_ROOT_CLASS = YES_ERROR;
				CLANG_WARN_RANGE_LOOP_ANALYSIS = YES;
				CLANG_WARN_STRICT_PROTOTYPES = YES;
				CLANG_WARN_SUSPICIOUS_MOVE = YES;
				CLANG_WARN_UNGUARDED_AVAILABILITY = YES_AGGRESSIVE;
				CLANG_WARN_UNREACHABLE_CODE = YES;
				CLANG_WARN__DUPLICATE_METHOD_MATCH = YES;
				COPY_PHASE_STRIP = NO;
				DEBUG_INFORMATION_FORMAT = dwarf;
				ENABLE_STRICT_OBJC_MSGSEND = YES;
				ENABLE_TESTABILITY = YES;
				GCC_C_LANGUAGE_STANDARD = gnu11;
				GCC_DYNAMIC_NO_PIC = NO;
				GCC_NO_COMMON_BLOCKS = YES;
				GCC_OPTIMIZATION_LEVEL = 0;
				GCC_PREPROCESSOR_DEFINITIONS = (
					"DEBUG=1",
					"$(inherited)",
				);
				GCC_WARN_64_TO_32_BIT_CONVERSION = YES;
				GCC_WARN_ABOUT_RETURN_TYPE = YES_ERROR;
				GCC_WARN_UNDECLARED_SELECTOR = YES;
				GCC_WARN_UNINITIALIZED_AUTOS = YES_AGGRESSIVE;
				GCC_WARN_UNUSED_FUNCTION = YES;
				GCC_WARN_UNUSED_VARIABLE = YES;
				IPHONEOS_DEPLOYMENT_TARGET = 13.2;
				MTL_ENABLE_DEBUG_INFO = INCLUDE_SOURCE;
				MTL_FAST_MATH = YES;
				ONLY_ACTIVE_ARCH = YES;
				SDKROOT = iphoneos;
				SWIFT_ACTIVE_COMPILATION_CONDITIONS = DEBUG;
				SWIFT_OPTIMIZATION_LEVEL = "-Onone";
			};
			name = Debug;
		};
		874C95E223DEAFEE0043CA08 /* Release */ = {
			isa = XCBuildConfiguration;
			buildSettings = {
				ALWAYS_SEARCH_USER_PATHS = NO;
				CLANG_ANALYZER_NONNULL = YES;
				CLANG_ANALYZER_NUMBER_OBJECT_CONVERSION = YES_AGGRESSIVE;
				CLANG_CXX_LANGUAGE_STANDARD = "gnu++14";
				CLANG_CXX_LIBRARY = "libc++";
				CLANG_ENABLE_MODULES = YES;
				CLANG_ENABLE_OBJC_ARC = YES;
				CLANG_ENABLE_OBJC_WEAK = YES;
				CLANG_WARN_BLOCK_CAPTURE_AUTORELEASING = YES;
				CLANG_WARN_BOOL_CONVERSION = YES;
				CLANG_WARN_COMMA = YES;
				CLANG_WARN_CONSTANT_CONVERSION = YES;
				CLANG_WARN_DEPRECATED_OBJC_IMPLEMENTATIONS = YES;
				CLANG_WARN_DIRECT_OBJC_ISA_USAGE = YES_ERROR;
				CLANG_WARN_DOCUMENTATION_COMMENTS = YES;
				CLANG_WARN_EMPTY_BODY = YES;
				CLANG_WARN_ENUM_CONVERSION = YES;
				CLANG_WARN_INFINITE_RECURSION = YES;
				CLANG_WARN_INT_CONVERSION = YES;
				CLANG_WARN_NON_LITERAL_NULL_CONVERSION = YES;
				CLANG_WARN_OBJC_IMPLICIT_RETAIN_SELF = YES;
				CLANG_WARN_OBJC_LITERAL_CONVERSION = YES;
				CLANG_WARN_OBJC_ROOT_CLASS = YES_ERROR;
				CLANG_WARN_RANGE_LOOP_ANALYSIS = YES;
				CLANG_WARN_STRICT_PROTOTYPES = YES;
				CLANG_WARN_SUSPICIOUS_MOVE = YES;
				CLANG_WARN_UNGUARDED_AVAILABILITY = YES_AGGRESSIVE;
				CLANG_WARN_UNREACHABLE_CODE = YES;
				CLANG_WARN__DUPLICATE_METHOD_MATCH = YES;
				COPY_PHASE_STRIP = NO;
				DEBUG_INFORMATION_FORMAT = "dwarf-with-dsym";
				ENABLE_NS_ASSERTIONS = NO;
				ENABLE_STRICT_OBJC_MSGSEND = YES;
				GCC_C_LANGUAGE_STANDARD = gnu11;
				GCC_NO_COMMON_BLOCKS = YES;
				GCC_WARN_64_TO_32_BIT_CONVERSION = YES;
				GCC_WARN_ABOUT_RETURN_TYPE = YES_ERROR;
				GCC_WARN_UNDECLARED_SELECTOR = YES;
				GCC_WARN_UNINITIALIZED_AUTOS = YES_AGGRESSIVE;
				GCC_WARN_UNUSED_FUNCTION = YES;
				GCC_WARN_UNUSED_VARIABLE = YES;
				IPHONEOS_DEPLOYMENT_TARGET = 13.2;
				MTL_ENABLE_DEBUG_INFO = NO;
				MTL_FAST_MATH = YES;
				SDKROOT = iphoneos;
				SWIFT_COMPILATION_MODE = wholemodule;
				SWIFT_OPTIMIZATION_LEVEL = "-O";
				VALIDATE_PRODUCT = YES;
			};
			name = Release;
		};
		874C95E423DEAFEE0043CA08 /* Debug */ = {
			isa = XCBuildConfiguration;
			buildSettings = {
				ASSETCATALOG_COMPILER_APPICON_NAME = AppIcon;
				CODE_SIGN_STYLE = Automatic;
				DEVELOPMENT_TEAM = 65BYK5SR4J;
				INFOPLIST_FILE = DesignPatterns/Info.plist;
				LD_RUNPATH_SEARCH_PATHS = (
					"$(inherited)",
					"@executable_path/Frameworks",
				);
				PRODUCT_BUNDLE_IDENTIFIER = RM.DesignPatterns;
				PRODUCT_NAME = "$(TARGET_NAME)";
				SWIFT_VERSION = 5.0;
				TARGETED_DEVICE_FAMILY = "1,2";
			};
			name = Debug;
		};
		874C95E523DEAFEE0043CA08 /* Release */ = {
			isa = XCBuildConfiguration;
			buildSettings = {
				ASSETCATALOG_COMPILER_APPICON_NAME = AppIcon;
				CODE_SIGN_STYLE = Automatic;
				DEVELOPMENT_TEAM = 65BYK5SR4J;
				INFOPLIST_FILE = DesignPatterns/Info.plist;
				LD_RUNPATH_SEARCH_PATHS = (
					"$(inherited)",
					"@executable_path/Frameworks",
				);
				PRODUCT_BUNDLE_IDENTIFIER = RM.DesignPatterns;
				PRODUCT_NAME = "$(TARGET_NAME)";
				SWIFT_VERSION = 5.0;
				TARGETED_DEVICE_FAMILY = "1,2";
			};
			name = Release;
		};
		874C95E723DEAFEE0043CA08 /* Debug */ = {
			isa = XCBuildConfiguration;
			buildSettings = {
				ALWAYS_EMBED_SWIFT_STANDARD_LIBRARIES = YES;
				BUNDLE_LOADER = "$(TEST_HOST)";
				CODE_SIGN_STYLE = Automatic;
				DEVELOPMENT_TEAM = 65BYK5SR4J;
				INFOPLIST_FILE = DesignPatternsTests/Info.plist;
				IPHONEOS_DEPLOYMENT_TARGET = 13.2;
				LD_RUNPATH_SEARCH_PATHS = (
					"$(inherited)",
					"@executable_path/Frameworks",
					"@loader_path/Frameworks",
				);
				PRODUCT_BUNDLE_IDENTIFIER = RM.DesignPatternsTests;
				PRODUCT_NAME = "$(TARGET_NAME)";
				SWIFT_VERSION = 5.0;
				TARGETED_DEVICE_FAMILY = "1,2";
				TEST_HOST = "$(BUILT_PRODUCTS_DIR)/DesignPatterns.app/DesignPatterns";
			};
			name = Debug;
		};
		874C95E823DEAFEE0043CA08 /* Release */ = {
			isa = XCBuildConfiguration;
			buildSettings = {
				ALWAYS_EMBED_SWIFT_STANDARD_LIBRARIES = YES;
				BUNDLE_LOADER = "$(TEST_HOST)";
				CODE_SIGN_STYLE = Automatic;
				DEVELOPMENT_TEAM = 65BYK5SR4J;
				INFOPLIST_FILE = DesignPatternsTests/Info.plist;
				IPHONEOS_DEPLOYMENT_TARGET = 13.2;
				LD_RUNPATH_SEARCH_PATHS = (
					"$(inherited)",
					"@executable_path/Frameworks",
					"@loader_path/Frameworks",
				);
				PRODUCT_BUNDLE_IDENTIFIER = RM.DesignPatternsTests;
				PRODUCT_NAME = "$(TARGET_NAME)";
				SWIFT_VERSION = 5.0;
				TARGETED_DEVICE_FAMILY = "1,2";
				TEST_HOST = "$(BUILT_PRODUCTS_DIR)/DesignPatterns.app/DesignPatterns";
			};
			name = Release;
		};
		874C95EA23DEAFEE0043CA08 /* Debug */ = {
			isa = XCBuildConfiguration;
			buildSettings = {
				ALWAYS_EMBED_SWIFT_STANDARD_LIBRARIES = YES;
				CODE_SIGN_STYLE = Automatic;
				DEVELOPMENT_TEAM = 65BYK5SR4J;
				INFOPLIST_FILE = DesignPatternsUITests/Info.plist;
				LD_RUNPATH_SEARCH_PATHS = (
					"$(inherited)",
					"@executable_path/Frameworks",
					"@loader_path/Frameworks",
				);
				PRODUCT_BUNDLE_IDENTIFIER = RM.DesignPatternsUITests;
				PRODUCT_NAME = "$(TARGET_NAME)";
				SWIFT_VERSION = 5.0;
				TARGETED_DEVICE_FAMILY = "1,2";
				TEST_TARGET_NAME = DesignPatterns;
			};
			name = Debug;
		};
		874C95EB23DEAFEE0043CA08 /* Release */ = {
			isa = XCBuildConfiguration;
			buildSettings = {
				ALWAYS_EMBED_SWIFT_STANDARD_LIBRARIES = YES;
				CODE_SIGN_STYLE = Automatic;
				DEVELOPMENT_TEAM = 65BYK5SR4J;
				INFOPLIST_FILE = DesignPatternsUITests/Info.plist;
				LD_RUNPATH_SEARCH_PATHS = (
					"$(inherited)",
					"@executable_path/Frameworks",
					"@loader_path/Frameworks",
				);
				PRODUCT_BUNDLE_IDENTIFIER = RM.DesignPatternsUITests;
				PRODUCT_NAME = "$(TARGET_NAME)";
				SWIFT_VERSION = 5.0;
				TARGETED_DEVICE_FAMILY = "1,2";
				TEST_TARGET_NAME = DesignPatterns;
			};
			name = Release;
		};
/* End XCBuildConfiguration section */

/* Begin XCConfigurationList section */
		874C95B423DEAFEA0043CA08 /* Build configuration list for PBXProject "DesignPatterns" */ = {
			isa = XCConfigurationList;
			buildConfigurations = (
				874C95E123DEAFEE0043CA08 /* Debug */,
				874C95E223DEAFEE0043CA08 /* Release */,
			);
			defaultConfigurationIsVisible = 0;
			defaultConfigurationName = Release;
		};
		874C95E323DEAFEE0043CA08 /* Build configuration list for PBXNativeTarget "DesignPatterns" */ = {
			isa = XCConfigurationList;
			buildConfigurations = (
				874C95E423DEAFEE0043CA08 /* Debug */,
				874C95E523DEAFEE0043CA08 /* Release */,
			);
			defaultConfigurationIsVisible = 0;
			defaultConfigurationName = Release;
		};
		874C95E623DEAFEE0043CA08 /* Build configuration list for PBXNativeTarget "DesignPatternsTests" */ = {
			isa = XCConfigurationList;
			buildConfigurations = (
				874C95E723DEAFEE0043CA08 /* Debug */,
				874C95E823DEAFEE0043CA08 /* Release */,
			);
			defaultConfigurationIsVisible = 0;
			defaultConfigurationName = Release;
		};
		874C95E923DEAFEE0043CA08 /* Build configuration list for PBXNativeTarget "DesignPatternsUITests" */ = {
			isa = XCConfigurationList;
			buildConfigurations = (
				874C95EA23DEAFEE0043CA08 /* Debug */,
				874C95EB23DEAFEE0043CA08 /* Release */,
			);
			defaultConfigurationIsVisible = 0;
			defaultConfigurationName = Release;
		};
/* End XCConfigurationList section */
	};
	rootObject = 874C95B123DEAFEA0043CA08 /* Project object */;
}
